// !$*UTF8*$!
{
	archiveVersion = 1;
	classes = {
	};
	objectVersion = 55;
	objects = {

/* Begin PBXBuildFile section */
		200F271327EF689400D1B769 /* ButtonView.swift in Sources */ = {isa = PBXBuildFile; fileRef = 200F271227EF689400D1B769 /* ButtonView.swift */; };
		205931A527D03BA000FE1547 /* tokens.json in Resources */ = {isa = PBXBuildFile; fileRef = 205931A427D03BA000FE1547 /* tokens.json */; };
		206D711A27D4FAC200CF987D /* BorderView.swift in Sources */ = {isa = PBXBuildFile; fileRef = 206D711927D4FAC200CF987D /* BorderView.swift */; };
		206D711C27D5028C00CF987D /* OpacityView.swift in Sources */ = {isa = PBXBuildFile; fileRef = 206D711B27D5028C00CF987D /* OpacityView.swift */; };
		20890F7E27D035E600EF758A /* SampleAppApp.swift in Sources */ = {isa = PBXBuildFile; fileRef = 20890F7D27D035E600EF758A /* SampleAppApp.swift */; };
		20890F8027D035E600EF758A /* FontsView.swift in Sources */ = {isa = PBXBuildFile; fileRef = 20890F7F27D035E600EF758A /* FontsView.swift */; };
		20890F8227D035E900EF758A /* Assets.xcassets in Resources */ = {isa = PBXBuildFile; fileRef = 20890F8127D035E900EF758A /* Assets.xcassets */; };
		20890F8527D035E900EF758A /* Preview Assets.xcassets in Resources */ = {isa = PBXBuildFile; fileRef = 20890F8427D035E900EF758A /* Preview Assets.xcassets */; };
		20890F8D27D0362900EF758A /* Treco in Frameworks */ = {isa = PBXBuildFile; productRef = 20890F8C27D0362900EF758A /* Treco */; };
		20D76A5327DCE84100842812 /* SpacingView.swift in Sources */ = {isa = PBXBuildFile; fileRef = 20D76A5227DCE84100842812 /* SpacingView.swift */; };
		20D76A5527DD1EEB00842812 /* ShadowView.swift in Sources */ = {isa = PBXBuildFile; fileRef = 20D76A5427DD1EEB00842812 /* ShadowView.swift */; };
		20DC392027D3C685000C1770 /* ListView.swift in Sources */ = {isa = PBXBuildFile; fileRef = 20DC391F27D3C685000C1770 /* ListView.swift */; };
		20DC392227D3C945000C1770 /* ColorsView.swift in Sources */ = {isa = PBXBuildFile; fileRef = 20DC392127D3C945000C1770 /* ColorsView.swift */; };
/* End PBXBuildFile section */

/* Begin PBXFileReference section */
		200F271227EF689400D1B769 /* ButtonView.swift */ = {isa = PBXFileReference; lastKnownFileType = sourcecode.swift; path = ButtonView.swift; sourceTree = "<group>"; };
		205931A427D03BA000FE1547 /* tokens.json */ = {isa = PBXFileReference; fileEncoding = 4; lastKnownFileType = text.json; path = tokens.json; sourceTree = "<group>"; };
		206D711927D4FAC200CF987D /* BorderView.swift */ = {isa = PBXFileReference; lastKnownFileType = sourcecode.swift; path = BorderView.swift; sourceTree = "<group>"; };
		206D711B27D5028C00CF987D /* OpacityView.swift */ = {isa = PBXFileReference; lastKnownFileType = sourcecode.swift; path = OpacityView.swift; sourceTree = "<group>"; };
		20890F7A27D035E600EF758A /* TrecoSample.app */ = {isa = PBXFileReference; explicitFileType = wrapper.application; includeInIndex = 0; path = TrecoSample.app; sourceTree = BUILT_PRODUCTS_DIR; };
		20890F7D27D035E600EF758A /* SampleAppApp.swift */ = {isa = PBXFileReference; lastKnownFileType = sourcecode.swift; path = SampleAppApp.swift; sourceTree = "<group>"; };
		20890F7F27D035E600EF758A /* FontsView.swift */ = {isa = PBXFileReference; lastKnownFileType = sourcecode.swift; path = FontsView.swift; sourceTree = "<group>"; };
		20890F8127D035E900EF758A /* Assets.xcassets */ = {isa = PBXFileReference; lastKnownFileType = folder.assetcatalog; path = Assets.xcassets; sourceTree = "<group>"; };
		20890F8427D035E900EF758A /* Preview Assets.xcassets */ = {isa = PBXFileReference; lastKnownFileType = folder.assetcatalog; path = "Preview Assets.xcassets"; sourceTree = "<group>"; };
		20D76A5227DCE84100842812 /* SpacingView.swift */ = {isa = PBXFileReference; lastKnownFileType = sourcecode.swift; path = SpacingView.swift; sourceTree = "<group>"; };
		20D76A5427DD1EEB00842812 /* ShadowView.swift */ = {isa = PBXFileReference; lastKnownFileType = sourcecode.swift; path = ShadowView.swift; sourceTree = "<group>"; };
		20DC391F27D3C685000C1770 /* ListView.swift */ = {isa = PBXFileReference; lastKnownFileType = sourcecode.swift; path = ListView.swift; sourceTree = "<group>"; };
		20DC392127D3C945000C1770 /* ColorsView.swift */ = {isa = PBXFileReference; lastKnownFileType = sourcecode.swift; path = ColorsView.swift; sourceTree = "<group>"; };
/* End PBXFileReference section */

/* Begin PBXFrameworksBuildPhase section */
		20890F7727D035E600EF758A /* Frameworks */ = {
			isa = PBXFrameworksBuildPhase;
			buildActionMask = 2147483647;
			files = (
				20890F8D27D0362900EF758A /* Treco in Frameworks */,
			);
			runOnlyForDeploymentPostprocessing = 0;
		};
/* End PBXFrameworksBuildPhase section */

/* Begin PBXGroup section */
		200F271127EF687E00D1B769 /* Components */ = {
			isa = PBXGroup;
			children = (
				200F271227EF689400D1B769 /* ButtonView.swift */,
			);
			path = Components;
			sourceTree = "<group>";
		};
		2078F65427EE6A0C0015C8CA /* Tokens */ = {
			isa = PBXGroup;
			children = (
				20890F7F27D035E600EF758A /* FontsView.swift */,
				20DC392127D3C945000C1770 /* ColorsView.swift */,
				206D711927D4FAC200CF987D /* BorderView.swift */,
				206D711B27D5028C00CF987D /* OpacityView.swift */,
				20D76A5227DCE84100842812 /* SpacingView.swift */,
				20D76A5427DD1EEB00842812 /* ShadowView.swift */,
			);
			path = Tokens;
			sourceTree = "<group>";
		};
		20890F7127D035E600EF758A = {
			isa = PBXGroup;
			children = (
				20890F7C27D035E600EF758A /* SampleApp */,
				20890F7B27D035E600EF758A /* Products */,
				20890F8B27D0362900EF758A /* Frameworks */,
			);
			sourceTree = "<group>";
		};
		20890F7B27D035E600EF758A /* Products */ = {
			isa = PBXGroup;
			children = (
				20890F7A27D035E600EF758A /* TrecoSample.app */,
			);
			name = Products;
			sourceTree = "<group>";
		};
		20890F7C27D035E600EF758A /* SampleApp */ = {
			isa = PBXGroup;
			children = (
				20890F7D27D035E600EF758A /* SampleAppApp.swift */,
				20DC391E27D3C66E000C1770 /* SampleViews */,
				205931A427D03BA000FE1547 /* tokens.json */,
				20890F8127D035E900EF758A /* Assets.xcassets */,
				20890F8327D035E900EF758A /* Preview Content */,
			);
			path = SampleApp;
			sourceTree = "<group>";
		};
		20890F8327D035E900EF758A /* Preview Content */ = {
			isa = PBXGroup;
			children = (
				20890F8427D035E900EF758A /* Preview Assets.xcassets */,
			);
			path = "Preview Content";
			sourceTree = "<group>";
		};
		20890F8B27D0362900EF758A /* Frameworks */ = {
			isa = PBXGroup;
			children = (
			);
			name = Frameworks;
			sourceTree = "<group>";
		};
		20DC391E27D3C66E000C1770 /* SampleViews */ = {
			isa = PBXGroup;
			children = (
				20DC391F27D3C685000C1770 /* ListView.swift */,
				2078F65427EE6A0C0015C8CA /* Tokens */,
				200F271127EF687E00D1B769 /* Components */,
			);
			path = SampleViews;
			sourceTree = "<group>";
		};
/* End PBXGroup section */

/* Begin PBXNativeTarget section */
		20890F7927D035E600EF758A /* SampleApp */ = {
			isa = PBXNativeTarget;
			buildConfigurationList = 20890F8827D035E900EF758A /* Build configuration list for PBXNativeTarget "SampleApp" */;
			buildPhases = (
				20890F7627D035E600EF758A /* Sources */,
				20890F7727D035E600EF758A /* Frameworks */,
				20890F7827D035E600EF758A /* Resources */,
			);
			buildRules = (
			);
			dependencies = (
			);
			name = SampleApp;
			packageProductDependencies = (
				20890F8C27D0362900EF758A /* Treco */,
			);
			productName = SampleApp;
			productReference = 20890F7A27D035E600EF758A /* TrecoSample.app */;
			productType = "com.apple.product-type.application";
		};
/* End PBXNativeTarget section */

/* Begin PBXProject section */
		20890F7227D035E600EF758A /* Project object */ = {
			isa = PBXProject;
			attributes = {
				BuildIndependentTargetsInParallel = 1;
				LastSwiftUpdateCheck = 1310;
				LastUpgradeCheck = 1310;
				TargetAttributes = {
					20890F7927D035E600EF758A = {
						CreatedOnToolsVersion = 13.1;
					};
				};
			};
			buildConfigurationList = 20890F7527D035E600EF758A /* Build configuration list for PBXProject "SampleApp" */;
			compatibilityVersion = "Xcode 13.0";
			developmentRegion = en;
			hasScannedForEncodings = 0;
			knownRegions = (
				en,
				Base,
			);
			mainGroup = 20890F7127D035E600EF758A;
			productRefGroup = 20890F7B27D035E600EF758A /* Products */;
			projectDirPath = "";
			projectRoot = "";
			targets = (
				20890F7927D035E600EF758A /* SampleApp */,
			);
		};
/* End PBXProject section */

/* Begin PBXResourcesBuildPhase section */
		20890F7827D035E600EF758A /* Resources */ = {
			isa = PBXResourcesBuildPhase;
			buildActionMask = 2147483647;
			files = (
				205931A527D03BA000FE1547 /* tokens.json in Resources */,
				20890F8527D035E900EF758A /* Preview Assets.xcassets in Resources */,
				20890F8227D035E900EF758A /* Assets.xcassets in Resources */,
			);
			runOnlyForDeploymentPostprocessing = 0;
		};
/* End PBXResourcesBuildPhase section */

/* Begin PBXSourcesBuildPhase section */
		20890F7627D035E600EF758A /* Sources */ = {
			isa = PBXSourcesBuildPhase;
			buildActionMask = 2147483647;
			files = (
				20D76A5327DCE84100842812 /* SpacingView.swift in Sources */,
				206D711A27D4FAC200CF987D /* BorderView.swift in Sources */,
				20DC392227D3C945000C1770 /* ColorsView.swift in Sources */,
				20890F8027D035E600EF758A /* FontsView.swift in Sources */,
				20D76A5527DD1EEB00842812 /* ShadowView.swift in Sources */,
				20890F7E27D035E600EF758A /* SampleAppApp.swift in Sources */,
				206D711C27D5028C00CF987D /* OpacityView.swift in Sources */,
				20DC392027D3C685000C1770 /* ListView.swift in Sources */,
				200F271327EF689400D1B769 /* ButtonView.swift in Sources */,
			);
			runOnlyForDeploymentPostprocessing = 0;
		};
/* End PBXSourcesBuildPhase section */

/* Begin XCBuildConfiguration section */
		20890F8627D035E900EF758A /* Debug */ = {
			isa = XCBuildConfiguration;
			buildSettings = {
				ALWAYS_SEARCH_USER_PATHS = NO;
				CLANG_ANALYZER_NONNULL = YES;
				CLANG_ANALYZER_NUMBER_OBJECT_CONVERSION = YES_AGGRESSIVE;
				CLANG_CXX_LANGUAGE_STANDARD = "gnu++17";
				CLANG_CXX_LIBRARY = "libc++";
				CLANG_ENABLE_MODULES = YES;
				CLANG_ENABLE_OBJC_ARC = YES;
				CLANG_ENABLE_OBJC_WEAK = YES;
				CLANG_WARN_BLOCK_CAPTURE_AUTORELEASING = YES;
				CLANG_WARN_BOOL_CONVERSION = YES;
				CLANG_WARN_COMMA = YES;
				CLANG_WARN_CONSTANT_CONVERSION = YES;
				CLANG_WARN_DEPRECATED_OBJC_IMPLEMENTATIONS = YES;
				CLANG_WARN_DIRECT_OBJC_ISA_USAGE = YES_ERROR;
				CLANG_WARN_DOCUMENTATION_COMMENTS = YES;
				CLANG_WARN_EMPTY_BODY = YES;
				CLANG_WARN_ENUM_CONVERSION = YES;
				CLANG_WARN_INFINITE_RECURSION = YES;
				CLANG_WARN_INT_CONVERSION = YES;
				CLANG_WARN_NON_LITERAL_NULL_CONVERSION = YES;
				CLANG_WARN_OBJC_IMPLICIT_RETAIN_SELF = YES;
				CLANG_WARN_OBJC_LITERAL_CONVERSION = YES;
				CLANG_WARN_OBJC_ROOT_CLASS = YES_ERROR;
				CLANG_WARN_QUOTED_INCLUDE_IN_FRAMEWORK_HEADER = YES;
				CLANG_WARN_RANGE_LOOP_ANALYSIS = YES;
				CLANG_WARN_STRICT_PROTOTYPES = YES;
				CLANG_WARN_SUSPICIOUS_MOVE = YES;
				CLANG_WARN_UNGUARDED_AVAILABILITY = YES_AGGRESSIVE;
				CLANG_WARN_UNREACHABLE_CODE = YES;
				CLANG_WARN__DUPLICATE_METHOD_MATCH = YES;
				COPY_PHASE_STRIP = NO;
				DEBUG_INFORMATION_FORMAT = dwarf;
				ENABLE_STRICT_OBJC_MSGSEND = YES;
				ENABLE_TESTABILITY = YES;
				GCC_C_LANGUAGE_STANDARD = gnu11;
				GCC_DYNAMIC_NO_PIC = NO;
				GCC_NO_COMMON_BLOCKS = YES;
				GCC_OPTIMIZATION_LEVEL = 0;
				GCC_PREPROCESSOR_DEFINITIONS = (
					"DEBUG=1",
					"$(inherited)",
				);
				GCC_WARN_64_TO_32_BIT_CONVERSION = YES;
				GCC_WARN_ABOUT_RETURN_TYPE = YES_ERROR;
				GCC_WARN_UNDECLARED_SELECTOR = YES;
				GCC_WARN_UNINITIALIZED_AUTOS = YES_AGGRESSIVE;
				GCC_WARN_UNUSED_FUNCTION = YES;
				GCC_WARN_UNUSED_VARIABLE = YES;
				IPHONEOS_DEPLOYMENT_TARGET = 15.0;
				MTL_ENABLE_DEBUG_INFO = INCLUDE_SOURCE;
				MTL_FAST_MATH = YES;
				ONLY_ACTIVE_ARCH = YES;
				SDKROOT = iphoneos;
				SWIFT_ACTIVE_COMPILATION_CONDITIONS = DEBUG;
				SWIFT_OPTIMIZATION_LEVEL = "-Onone";
			};
			name = Debug;
		};
		20890F8727D035E900EF758A /* Release */ = {
			isa = XCBuildConfiguration;
			buildSettings = {
				ALWAYS_SEARCH_USER_PATHS = NO;
				CLANG_ANALYZER_NONNULL = YES;
				CLANG_ANALYZER_NUMBER_OBJECT_CONVERSION = YES_AGGRESSIVE;
				CLANG_CXX_LANGUAGE_STANDARD = "gnu++17";
				CLANG_CXX_LIBRARY = "libc++";
				CLANG_ENABLE_MODULES = YES;
				CLANG_ENABLE_OBJC_ARC = YES;
				CLANG_ENABLE_OBJC_WEAK = YES;
				CLANG_WARN_BLOCK_CAPTURE_AUTORELEASING = YES;
				CLANG_WARN_BOOL_CONVERSION = YES;
				CLANG_WARN_COMMA = YES;
				CLANG_WARN_CONSTANT_CONVERSION = YES;
				CLANG_WARN_DEPRECATED_OBJC_IMPLEMENTATIONS = YES;
				CLANG_WARN_DIRECT_OBJC_ISA_USAGE = YES_ERROR;
				CLANG_WARN_DOCUMENTATION_COMMENTS = YES;
				CLANG_WARN_EMPTY_BODY = YES;
				CLANG_WARN_ENUM_CONVERSION = YES;
				CLANG_WARN_INFINITE_RECURSION = YES;
				CLANG_WARN_INT_CONVERSION = YES;
				CLANG_WARN_NON_LITERAL_NULL_CONVERSION = YES;
				CLANG_WARN_OBJC_IMPLICIT_RETAIN_SELF = YES;
				CLANG_WARN_OBJC_LITERAL_CONVERSION = YES;
				CLANG_WARN_OBJC_ROOT_CLASS = YES_ERROR;
				CLANG_WARN_QUOTED_INCLUDE_IN_FRAMEWORK_HEADER = YES;
				CLANG_WARN_RANGE_LOOP_ANALYSIS = YES;
				CLANG_WARN_STRICT_PROTOTYPES = YES;
				CLANG_WARN_SUSPICIOUS_MOVE = YES;
				CLANG_WARN_UNGUARDED_AVAILABILITY = YES_AGGRESSIVE;
				CLANG_WARN_UNREACHABLE_CODE = YES;
				CLANG_WARN__DUPLICATE_METHOD_MATCH = YES;
				COPY_PHASE_STRIP = NO;
				DEBUG_INFORMATION_FORMAT = "dwarf-with-dsym";
				ENABLE_NS_ASSERTIONS = NO;
				ENABLE_STRICT_OBJC_MSGSEND = YES;
				GCC_C_LANGUAGE_STANDARD = gnu11;
				GCC_NO_COMMON_BLOCKS = YES;
				GCC_WARN_64_TO_32_BIT_CONVERSION = YES;
				GCC_WARN_ABOUT_RETURN_TYPE = YES_ERROR;
				GCC_WARN_UNDECLARED_SELECTOR = YES;
				GCC_WARN_UNINITIALIZED_AUTOS = YES_AGGRESSIVE;
				GCC_WARN_UNUSED_FUNCTION = YES;
				GCC_WARN_UNUSED_VARIABLE = YES;
				IPHONEOS_DEPLOYMENT_TARGET = 15.0;
				MTL_ENABLE_DEBUG_INFO = NO;
				MTL_FAST_MATH = YES;
				SDKROOT = iphoneos;
				SWIFT_COMPILATION_MODE = wholemodule;
				SWIFT_OPTIMIZATION_LEVEL = "-O";
				VALIDATE_PRODUCT = YES;
			};
			name = Release;
		};
		20890F8927D035E900EF758A /* Debug */ = {
			isa = XCBuildConfiguration;
			buildSettings = {
				ASSETCATALOG_COMPILER_APPICON_NAME = AppIcon;
				ASSETCATALOG_COMPILER_GLOBAL_ACCENT_COLOR_NAME = AccentColor;
				CODE_SIGN_STYLE = Automatic;
				CURRENT_PROJECT_VERSION = 1;
				DEVELOPMENT_ASSET_PATHS = "\"SampleApp/Preview Content\"";
				DEVELOPMENT_TEAM = FS3B5ULP9R;
				ENABLE_PREVIEWS = YES;
				GENERATE_INFOPLIST_FILE = YES;
				INFOPLIST_KEY_UIApplicationSceneManifest_Generation = YES;
				INFOPLIST_KEY_UIApplicationSupportsIndirectInputEvents = YES;
				INFOPLIST_KEY_UILaunchScreen_Generation = YES;
				INFOPLIST_KEY_UISupportedInterfaceOrientations_iPad = "UIInterfaceOrientationPortrait UIInterfaceOrientationPortraitUpsideDown UIInterfaceOrientationLandscapeLeft UIInterfaceOrientationLandscapeRight";
				INFOPLIST_KEY_UISupportedInterfaceOrientations_iPhone = "UIInterfaceOrientationPortrait UIInterfaceOrientationLandscapeLeft UIInterfaceOrientationLandscapeRight";
				LD_RUNPATH_SEARCH_PATHS = (
					"$(inherited)",
					"@executable_path/Frameworks",
				);
				MARKETING_VERSION = 1.0;
				PRODUCT_BUNDLE_IDENTIFIER = continepedro.SampleApp;
				PRODUCT_NAME = TrecoSample;
				SWIFT_EMIT_LOC_STRINGS = YES;
				SWIFT_VERSION = 5.0;
				TARGETED_DEVICE_FAMILY = "1,2";
			};
			name = Debug;
		};
		20890F8A27D035E900EF758A /* Release */ = {
			isa = XCBuildConfiguration;
			buildSettings = {
				ASSETCATALOG_COMPILER_APPICON_NAME = AppIcon;
				ASSETCATALOG_COMPILER_GLOBAL_ACCENT_COLOR_NAME = AccentColor;
				CODE_SIGN_STYLE = Automatic;
				CURRENT_PROJECT_VERSION = 1;
				DEVELOPMENT_ASSET_PATHS = "\"SampleApp/Preview Content\"";
				DEVELOPMENT_TEAM = FS3B5ULP9R;
				ENABLE_PREVIEWS = YES;
				GENERATE_INFOPLIST_FILE = YES;
				INFOPLIST_KEY_UIApplicationSceneManifest_Generation = YES;
				INFOPLIST_KEY_UIApplicationSupportsIndirectInputEvents = YES;
				INFOPLIST_KEY_UILaunchScreen_Generation = YES;
				INFOPLIST_KEY_UISupportedInterfaceOrientations_iPad = "UIInterfaceOrientationPortrait UIInterfaceOrientationPortraitUpsideDown UIInterfaceOrientationLandscapeLeft UIInterfaceOrientationLandscapeRight";
				INFOPLIST_KEY_UISupportedInterfaceOrientations_iPhone = "UIInterfaceOrientationPortrait UIInterfaceOrientationLandscapeLeft UIInterfaceOrientationLandscapeRight";
				LD_RUNPATH_SEARCH_PATHS = (
					"$(inherited)",
					"@executable_path/Frameworks",
				);
				MARKETING_VERSION = 1.0;
				PRODUCT_BUNDLE_IDENTIFIER = continepedro.SampleApp;
				PRODUCT_NAME = TrecoSample;
				SWIFT_EMIT_LOC_STRINGS = YES;
				SWIFT_VERSION = 5.0;
				TARGETED_DEVICE_FAMILY = "1,2";
			};
			name = Release;
		};
/* End XCBuildConfiguration section */

/* Begin XCConfigurationList section */
		20890F7527D035E600EF758A /* Build configuration list for PBXProject "SampleApp" */ = {
			isa = XCConfigurationList;
			buildConfigurations = (
				20890F8627D035E900EF758A /* Debug */,
				20890F8727D035E900EF758A /* Release */,
			);
			defaultConfigurationIsVisible = 0;
			defaultConfigurationName = Release;
		};
		20890F8827D035E900EF758A /* Build configuration list for PBXNativeTarget "SampleApp" */ = {
			isa = XCConfigurationList;
			buildConfigurations = (
				20890F8927D035E900EF758A /* Debug */,
				20890F8A27D035E900EF758A /* Release */,
			);
			defaultConfigurationIsVisible = 0;
			defaultConfigurationName = Release;
		};
/* End XCConfigurationList section */

/* Begin XCSwiftPackageProductDependency section */
		20890F8C27D0362900EF758A /* Treco */ = {
			isa = XCSwiftPackageProductDependency;
			productName = Treco;
		};
/* End XCSwiftPackageProductDependency section */
	};
	rootObject = 20890F7227D035E600EF758A /* Project object */;
}
